
Microsoft Visual Studio Solution File, Format Version 12.00
# Visual Studio Version 17
VisualStudioVersion = 17.3.32929.385
MinimumVisualStudioVersion = 10.0.40219.1
Project("{FAE04EC0-301F-11D3-BF4B-00C04F79EFBC}") = "DeberFactory_ModeladoSoftware", "DeberFactory_ModeladoSoftware\DeberFactory_ModeladoSoftware.csproj", "{36B067AA-4010-40A5-850E-C7DA36CE9B0D}"
EndProject
Global
	GlobalSection(SolutionConfigurationPlatforms) = preSolution
		Debug|Any CPU = Debug|Any CPU
		Release|Any CPU = Release|Any CPU
	EndGlobalSection
	GlobalSection(ProjectConfigurationPlatforms) = postSolution
		{36B067AA-4010-40A5-850E-C7DA36CE9B0D}.Debug|Any CPU.ActiveCfg = Debug|Any CPU
		{36B067AA-4010-40A5-850E-C7DA36CE9B0D}.Debug|Any CPU.Build.0 = Debug|Any CPU
		{36B067AA-4010-40A5-850E-C7DA36CE9B0D}.Release|Any CPU.ActiveCfg = Release|Any CPU
		{36B067AA-4010-40A5-850E-C7DA36CE9B0D}.Release|Any CPU.Build.0 = Release|Any CPU
	EndGlobalSection
	GlobalSection(SolutionProperties) = preSolution
		HideSolutionNode = FALSE
	EndGlobalSection
	GlobalSection(ExtensibilityGlobals) = postSolution
		SolutionGuid = {EBEE13D4-146A-42EE-AF7A-C850C1EF07E6}
	EndGlobalSection
EndGlobal
